<?xml version="1.0" encoding="UTF-8" standalone="yes" ?>
<CodeBlocks_project_file>
	<FileVersion major="1" minor="6" />
	<Project>
		<Option title="C++_Programming_Examples" />
		<Option pch_mode="2" />
		<Option compiler="gcc" />
		<Build>
			<Target title="Chapter_01_-_Getting_Started">
				<Option output="bin/Chapter_01_-_Getting_Started/C++_Programming_Examples" prefix_auto="1" extension_auto="1" />
				<Option object_output="obj/Chapter_01_-_Getting_Started/" />
				<Option type="1" />
				<Option compiler="gcc" />
				<Option projectCompilerOptionsRelation="1" />
				<Compiler>
					<Add option="-std=c++11" />
					<Add option="-g" />
				</Compiler>
			</Target>
			<Target title="Chapter_02_-_Variables_and_Basic_Types">
				<Option output="bin/Chapter_02_-_Variables_and_Basic_Types/C++_Programming_Examples" prefix_auto="1" extension_auto="1" />
				<Option object_output="obj/Chapter_02_-_Variables_and_Basic_Types/" />
				<Option type="1" />
				<Option compiler="gcc" />
				<Option projectCompilerOptionsRelation="1" />
				<Compiler>
					<Add option="-std=c++11" />
					<Add option="-g" />
				</Compiler>
			</Target>
			<Target title="Chapter_03_-_Strings_Vectors_And_Arrays">
				<Option output="bin/Chapter_03_-_Strings_Vectors_And_Arrays/C++_Programming_Examples" prefix_auto="1" extension_auto="1" />
				<Option object_output="obj/Chapter_03_-_Strings_Vectors_And_Arrays/" />
				<Option type="1" />
				<Option compiler="gcc" />
				<Option projectCompilerOptionsRelation="1" />
				<Compiler>
					<Add option="-std=c++11" />
					<Add option="-g" />
				</Compiler>
			</Target>
			<Target title="Chapter_04_-_Expressions">
				<Option output="bin/Chapter_04_-_Expressions/C++_Programming_Examples" prefix_auto="1" extension_auto="1" />
				<Option object_output="obj/Chapter_04_-_Expressions/" />
				<Option type="1" />
				<Option compiler="gcc" />
				<Option projectCompilerOptionsRelation="1" />
				<Compiler>
					<Add option="-std=c++11" />
					<Add option="-g" />
				</Compiler>
			</Target>
			<Target title="Chapter_05_-_Statements">
				<Option output="bin/Chapter_05_-_Statements/C++_Programming_Examples" prefix_auto="1" extension_auto="1" />
				<Option object_output="obj/Chapter_05_-_Statements/" />
				<Option type="1" />
				<Option compiler="gcc" />
				<Option projectCompilerOptionsRelation="1" />
				<Compiler>
					<Add option="-std=c++11" />
					<Add option="-g" />
				</Compiler>
			</Target>
			<Target title="Chapter_06_-_Functions">
				<Option output="bin/Chapter_06_-_Functions/C++_Programming_Examples" prefix_auto="1" extension_auto="1" />
				<Option object_output="obj/Chapter_06_-_Functions/" />
				<Option type="1" />
				<Option compiler="gcc" />
				<Option projectCompilerOptionsRelation="1" />
				<Compiler>
					<Add option="-std=c++11" />
					<Add option="-g" />
				</Compiler>
			</Target>
			<Target title="Chapter_07_-_Classes">
				<Option output="bin/Chapter_07_-_Classes/C++_Programming_Examples" prefix_auto="1" extension_auto="1" />
				<Option object_output="obj/Chapter_07_-_Classes/" />
				<Option type="1" />
				<Option compiler="gcc" />
				<Option projectCompilerOptionsRelation="1" />
				<Compiler>
					<Add option="-std=c++11" />
					<Add option="-g" />
				</Compiler>
			</Target>
		</Build>
		<Compiler>
			<Add option="-Wall" />
			<Add option="-fexceptions" />
		</Compiler>
		<Unit filename="../../Chapter 01 - Getting Started/Chapter 01 - Getting Started.md">
			<Option target="Chapter_01_-_Getting_Started" />
		</Unit>
		<Unit filename="../../Chapter 01 - Getting Started/Sales_item.h">
			<Option target="Chapter_01_-_Getting_Started" />
		</Unit>
		<Unit filename="../../Chapter 01 - Getting Started/main.cpp">
			<Option target="Chapter_01_-_Getting_Started" />
		</Unit>
		<Unit filename="../../Chapter 02 - Variables and Basic Types/Chapter 02 Variables and Basic Types.md">
			<Option target="Chapter_02_-_Variables_and_Basic_Types" />
		</Unit>
		<Unit filename="../../Chapter 02 - Variables and Basic Types/main.cpp">
			<Option target="Chapter_02_-_Variables_and_Basic_Types" />
		</Unit>
		<Unit filename="../../Chapter 03 - Strings, Vectors and Arrays/Chapter 03 Strings, Variables and Vectors.md">
			<Option target="Chapter_03_-_Strings_Vectors_And_Arrays" />
		</Unit>
		<Unit filename="../../Chapter 03 - Strings, Vectors and Arrays/main.cpp">
			<Option target="Chapter_03_-_Strings_Vectors_And_Arrays" />
		</Unit>
		<Unit filename="../../Chapter 04 - Expressions/Chapter 04 Expressions.md">
			<Option target="Chapter_04_-_Expressions" />
		</Unit>
		<Unit filename="../../Chapter 04 - Expressions/main.cpp">
			<Option target="Chapter_04_-_Expressions" />
		</Unit>
		<Unit filename="../../Chapter 05 - Statements/Chapter 05 Statements.md">
			<Option target="Chapter_05_-_Statements" />
		</Unit>
		<Unit filename="../../Chapter 05 - Statements/main.cpp">
			<Option target="Chapter_05_-_Statements" />
		</Unit>
		<Unit filename="../../Chapter 06 - Functions/Chapter 06 Functions.md">
			<Option target="Chapter_06_-_Functions" />
		</Unit>
		<Unit filename="../../Chapter 06 - Functions/main.cpp">
			<Option target="Chapter_06_-_Functions" />
		</Unit>
		<Unit filename="../../Chapter 07 - Classes/Chapter 07 Classes.md">
			<Option target="Chapter_07_-_Classes" />
		</Unit>
		<Unit filename="../../Chapter 07 - Classes/Person.cpp">
			<Option target="Chapter_07_-_Classes" />
		</Unit>
		<Unit filename="../../Chapter 07 - Classes/Person.h">
			<Option target="Chapter_07_-_Classes" />
		</Unit>
		<Unit filename="../../Chapter 07 - Classes/Sales_data.cpp">
			<Option target="Chapter_07_-_Classes" />
		</Unit>
		<Unit filename="../../Chapter 07 - Classes/Sales_data.h">
			<Option target="Chapter_07_-_Classes" />
		</Unit>
		<Unit filename="../../Chapter 07 - Classes/Screen.cpp">
			<Option target="Chapter_07_-_Classes" />
		</Unit>
		<Unit filename="../../Chapter 07 - Classes/Screen.h">
			<Option target="Chapter_07_-_Classes" />
		</Unit>
		<Unit filename="../../Chapter 07 - Classes/Window_mgr.cpp">
			<Option target="Chapter_07_-_Classes" />
		</Unit>
		<Unit filename="../../Chapter 07 - Classes/Window_mgr.h">
			<Option target="Chapter_07_-_Classes" />
		</Unit>
		<Unit filename="../../Chapter 07 - Classes/XY.h">
			<Option target="Chapter_07_-_Classes" />
		</Unit>
		<Unit filename="../../Chapter 07 - Classes/main.cpp">
			<Option target="Chapter_07_-_Classes" />
		</Unit>
		<Unit filename="../../Template/main.cpp">
			<Option target="&lt;{~None~}&gt;" />
		</Unit>
		<Extensions>
			<code_completion />
			<envvars />
			<debugger />
			<lib_finder disable_auto="1" />
		</Extensions>
	</Project>
</CodeBlocks_project_file>
